// !$*UTF8*$!
{
	archiveVersion = 1;
	classes = {
	};
	objectVersion = 56;
	objects = {

/* Begin PBXBuildFile section */
		4FF957B92AA79B1A00136463 /* Spotify_ChallengeApp.swift in Sources */ = {isa = PBXBuildFile; fileRef = 4FF957B82AA79B1A00136463 /* Spotify_ChallengeApp.swift */; };
		4FF957BB2AA79B1A00136463 /* ContentView.swift in Sources */ = {isa = PBXBuildFile; fileRef = 4FF957BA2AA79B1A00136463 /* ContentView.swift */; };
		4FF957BD2AA79B1C00136463 /* Assets.xcassets in Resources */ = {isa = PBXBuildFile; fileRef = 4FF957BC2AA79B1C00136463 /* Assets.xcassets */; };
		4FF957C02AA79B1C00136463 /* Preview Assets.xcassets in Resources */ = {isa = PBXBuildFile; fileRef = 4FF957BF2AA79B1C00136463 /* Preview Assets.xcassets */; };
		4FF957CA2AA79B1C00136463 /* Spotify_ChallengeTests.swift in Sources */ = {isa = PBXBuildFile; fileRef = 4FF957C92AA79B1C00136463 /* Spotify_ChallengeTests.swift */; };
		4FF957D42AA79B1C00136463 /* Spotify_ChallengeUITests.swift in Sources */ = {isa = PBXBuildFile; fileRef = 4FF957D32AA79B1C00136463 /* Spotify_ChallengeUITests.swift */; };
		4FF957D62AA79B1C00136463 /* Spotify_ChallengeUITestsLaunchTests.swift in Sources */ = {isa = PBXBuildFile; fileRef = 4FF957D52AA79B1C00136463 /* Spotify_ChallengeUITestsLaunchTests.swift */; };
/* End PBXBuildFile section */

/* Begin PBXContainerItemProxy section */
		4FF957C62AA79B1C00136463 /* PBXContainerItemProxy */ = {
			isa = PBXContainerItemProxy;
			containerPortal = 4FF957AD2AA79B1A00136463 /* Project object */;
			proxyType = 1;
			remoteGlobalIDString = 4FF957B42AA79B1A00136463;
			remoteInfo = "Spotify Challenge";
		};
		4FF957D02AA79B1C00136463 /* PBXContainerItemProxy */ = {
			isa = PBXContainerItemProxy;
			containerPortal = 4FF957AD2AA79B1A00136463 /* Project object */;
			proxyType = 1;
			remoteGlobalIDString = 4FF957B42AA79B1A00136463;
			remoteInfo = "Spotify Challenge";
		};
/* End PBXContainerItemProxy section */

/* Begin PBXFileReference section */
		4FF957B52AA79B1A00136463 /* Spotify Challenge.app */ = {isa = PBXFileReference; explicitFileType = wrapper.application; includeInIndex = 0; path = "Spotify Challenge.app"; sourceTree = BUILT_PRODUCTS_DIR; };
		4FF957B82AA79B1A00136463 /* Spotify_ChallengeApp.swift */ = {isa = PBXFileReference; lastKnownFileType = sourcecode.swift; path = Spotify_ChallengeApp.swift; sourceTree = "<group>"; };
		4FF957BA2AA79B1A00136463 /* ContentView.swift */ = {isa = PBXFileReference; lastKnownFileType = sourcecode.swift; path = ContentView.swift; sourceTree = "<group>"; };
		4FF957BC2AA79B1C00136463 /* Assets.xcassets */ = {isa = PBXFileReference; lastKnownFileType = folder.assetcatalog; path = Assets.xcassets; sourceTree = "<group>"; };
		4FF957BF2AA79B1C00136463 /* Preview Assets.xcassets */ = {isa = PBXFileReference; lastKnownFileType = folder.assetcatalog; path = "Preview Assets.xcassets"; sourceTree = "<group>"; };
		4FF957C52AA79B1C00136463 /* Spotify ChallengeTests.xctest */ = {isa = PBXFileReference; explicitFileType = wrapper.cfbundle; includeInIndex = 0; path = "Spotify ChallengeTests.xctest"; sourceTree = BUILT_PRODUCTS_DIR; };
		4FF957C92AA79B1C00136463 /* Spotify_ChallengeTests.swift */ = {isa = PBXFileReference; lastKnownFileType = sourcecode.swift; path = Spotify_ChallengeTests.swift; sourceTree = "<group>"; };
		4FF957CF2AA79B1C00136463 /* Spotify ChallengeUITests.xctest */ = {isa = PBXFileReference; explicitFileType = wrapper.cfbundle; includeInIndex = 0; path = "Spotify ChallengeUITests.xctest"; sourceTree = BUILT_PRODUCTS_DIR; };
		4FF957D32AA79B1C00136463 /* Spotify_ChallengeUITests.swift */ = {isa = PBXFileReference; lastKnownFileType = sourcecode.swift; path = Spotify_ChallengeUITests.swift; sourceTree = "<group>"; };
		4FF957D52AA79B1C00136463 /* Spotify_ChallengeUITestsLaunchTests.swift */ = {isa = PBXFileReference; lastKnownFileType = sourcecode.swift; path = Spotify_ChallengeUITestsLaunchTests.swift; sourceTree = "<group>"; };
/* End PBXFileReference section */

/* Begin PBXFrameworksBuildPhase section */
		4FF957B22AA79B1A00136463 /* Frameworks */ = {
			isa = PBXFrameworksBuildPhase;
			buildActionMask = 2147483647;
			files = (
			);
			runOnlyForDeploymentPostprocessing = 0;
		};
		4FF957C22AA79B1C00136463 /* Frameworks */ = {
			isa = PBXFrameworksBuildPhase;
			buildActionMask = 2147483647;
			files = (
			);
			runOnlyForDeploymentPostprocessing = 0;
		};
		4FF957CC2AA79B1C00136463 /* Frameworks */ = {
			isa = PBXFrameworksBuildPhase;
			buildActionMask = 2147483647;
			files = (
			);
			runOnlyForDeploymentPostprocessing = 0;
		};
/* End PBXFrameworksBuildPhase section */

/* Begin PBXGroup section */
		4F46C3932AA79E0F0069EC49 /* Presentation */ = {
			isa = PBXGroup;
			children = (
				4FF957B82AA79B1A00136463 /* Spotify_ChallengeApp.swift */,
				4FF957BA2AA79B1A00136463 /* ContentView.swift */,
			);
			path = Presentation;
			sourceTree = "<group>";
		};
		4F46C3942AA79E210069EC49 /* Domain */ = {
			isa = PBXGroup;
			children = (
			);
			path = Domain;
			sourceTree = "<group>";
		};
		4F46C3952AA79E280069EC49 /* Data */ = {
			isa = PBXGroup;
			children = (
			);
			path = Data;
			sourceTree = "<group>";
		};
		4F46C3962AA79E3E0069EC49 /* Resources */ = {
			isa = PBXGroup;
			children = (
				4FF957BC2AA79B1C00136463 /* Assets.xcassets */,
			);
			path = Resources;
			sourceTree = "<group>";
		};
		4FF957AC2AA79B1A00136463 = {
			isa = PBXGroup;
			children = (
				4FF957B72AA79B1A00136463 /* Spotify Challenge */,
				4FF957C82AA79B1C00136463 /* Spotify ChallengeTests */,
				4FF957D22AA79B1C00136463 /* Spotify ChallengeUITests */,
				4FF957B62AA79B1A00136463 /* Products */,
			);
			sourceTree = "<group>";
		};
		4FF957B62AA79B1A00136463 /* Products */ = {
			isa = PBXGroup;
			children = (
				4FF957B52AA79B1A00136463 /* Spotify Challenge.app */,
				4FF957C52AA79B1C00136463 /* Spotify ChallengeTests.xctest */,
				4FF957CF2AA79B1C00136463 /* Spotify ChallengeUITests.xctest */,
			);
			name = Products;
			sourceTree = "<group>";
		};
		4FF957B72AA79B1A00136463 /* Spotify Challenge */ = {
			isa = PBXGroup;
			children = (
				4F46C3952AA79E280069EC49 /* Data */,
				4F46C3942AA79E210069EC49 /* Domain */,
				4F46C3932AA79E0F0069EC49 /* Presentation */,
				4F46C3962AA79E3E0069EC49 /* Resources */,
				4FF957BE2AA79B1C00136463 /* Preview Content */,
			);
			path = "Spotify Challenge";
			sourceTree = "<group>";
		};
		4FF957BE2AA79B1C00136463 /* Preview Content */ = {
			isa = PBXGroup;
			children = (
				4FF957BF2AA79B1C00136463 /* Preview Assets.xcassets */,
			);
			path = "Preview Content";
			sourceTree = "<group>";
		};
		4FF957C82AA79B1C00136463 /* Spotify ChallengeTests */ = {
			isa = PBXGroup;
			children = (
				4FF957C92AA79B1C00136463 /* Spotify_ChallengeTests.swift */,
			);
			path = "Spotify ChallengeTests";
			sourceTree = "<group>";
		};
		4FF957D22AA79B1C00136463 /* Spotify ChallengeUITests */ = {
			isa = PBXGroup;
			children = (
				4FF957D32AA79B1C00136463 /* Spotify_ChallengeUITests.swift */,
				4FF957D52AA79B1C00136463 /* Spotify_ChallengeUITestsLaunchTests.swift */,
			);
			path = "Spotify ChallengeUITests";
			sourceTree = "<group>";
		};
/* End PBXGroup section */

/* Begin PBXNativeTarget section */
		4FF957B42AA79B1A00136463 /* Spotify Challenge */ = {
			isa = PBXNativeTarget;
			buildConfigurationList = 4FF957D92AA79B1C00136463 /* Build configuration list for PBXNativeTarget "Spotify Challenge" */;
			buildPhases = (
				4FF957B12AA79B1A00136463 /* Sources */,
				4FF957B22AA79B1A00136463 /* Frameworks */,
				4FF957B32AA79B1A00136463 /* Resources */,
			);
			buildRules = (
			);
			dependencies = (
			);
			name = "Spotify Challenge";
			productName = "Spotify Challenge";
			productReference = 4FF957B52AA79B1A00136463 /* Spotify Challenge.app */;
			productType = "com.apple.product-type.application";
		};
		4FF957C42AA79B1C00136463 /* Spotify ChallengeTests */ = {
			isa = PBXNativeTarget;
			buildConfigurationList = 4FF957DC2AA79B1C00136463 /* Build configuration list for PBXNativeTarget "Spotify ChallengeTests" */;
			buildPhases = (
				4FF957C12AA79B1C00136463 /* Sources */,
				4FF957C22AA79B1C00136463 /* Frameworks */,
				4FF957C32AA79B1C00136463 /* Resources */,
			);
			buildRules = (
			);
			dependencies = (
				4FF957C72AA79B1C00136463 /* PBXTargetDependency */,
			);
			name = "Spotify ChallengeTests";
			productName = "Spotify ChallengeTests";
			productReference = 4FF957C52AA79B1C00136463 /* Spotify ChallengeTests.xctest */;
			productType = "com.apple.product-type.bundle.unit-test";
		};
		4FF957CE2AA79B1C00136463 /* Spotify ChallengeUITests */ = {
			isa = PBXNativeTarget;
			buildConfigurationList = 4FF957DF2AA79B1C00136463 /* Build configuration list for PBXNativeTarget "Spotify ChallengeUITests" */;
			buildPhases = (
				4FF957CB2AA79B1C00136463 /* Sources */,
				4FF957CC2AA79B1C00136463 /* Frameworks */,
				4FF957CD2AA79B1C00136463 /* Resources */,
			);
			buildRules = (
			);
			dependencies = (
				4FF957D12AA79B1C00136463 /* PBXTargetDependency */,
			);
			name = "Spotify ChallengeUITests";
			productName = "Spotify ChallengeUITests";
			productReference = 4FF957CF2AA79B1C00136463 /* Spotify ChallengeUITests.xctest */;
			productType = "com.apple.product-type.bundle.ui-testing";
		};
/* End PBXNativeTarget section */

/* Begin PBXProject section */
		4FF957AD2AA79B1A00136463 /* Project object */ = {
			isa = PBXProject;
			attributes = {
				BuildIndependentTargetsInParallel = 1;
				LastSwiftUpdateCheck = 1430;
				LastUpgradeCheck = 1430;
				TargetAttributes = {
					4FF957B42AA79B1A00136463 = {
						CreatedOnToolsVersion = 14.3.1;
					};
					4FF957C42AA79B1C00136463 = {
						CreatedOnToolsVersion = 14.3.1;
						TestTargetID = 4FF957B42AA79B1A00136463;
					};
					4FF957CE2AA79B1C00136463 = {
						CreatedOnToolsVersion = 14.3.1;
						TestTargetID = 4FF957B42AA79B1A00136463;
					};
				};
			};
			buildConfigurationList = 4FF957B02AA79B1A00136463 /* Build configuration list for PBXProject "Spotify Challenge" */;
			compatibilityVersion = "Xcode 14.0";
			developmentRegion = en;
			hasScannedForEncodings = 0;
			knownRegions = (
				en,
				Base,
			);
			mainGroup = 4FF957AC2AA79B1A00136463;
			productRefGroup = 4FF957B62AA79B1A00136463 /* Products */;
			projectDirPath = "";
			projectRoot = "";
			targets = (
				4FF957B42AA79B1A00136463 /* Spotify Challenge */,
				4FF957C42AA79B1C00136463 /* Spotify ChallengeTests */,
				4FF957CE2AA79B1C00136463 /* Spotify ChallengeUITests */,
			);
		};
/* End PBXProject section */

/* Begin PBXResourcesBuildPhase section */
		4FF957B32AA79B1A00136463 /* Resources */ = {
			isa = PBXResourcesBuildPhase;
			buildActionMask = 2147483647;
			files = (
				4FF957C02AA79B1C00136463 /* Preview Assets.xcassets in Resources */,
				4FF957BD2AA79B1C00136463 /* Assets.xcassets in Resources */,
			);
			runOnlyForDeploymentPostprocessing = 0;
		};
		4FF957C32AA79B1C00136463 /* Resources */ = {
			isa = PBXResourcesBuildPhase;
			buildActionMask = 2147483647;
			files = (
			);
			runOnlyForDeploymentPostprocessing = 0;
		};
		4FF957CD2AA79B1C00136463 /* Resources */ = {
			isa = PBXResourcesBuildPhase;
			buildActionMask = 2147483647;
			files = (
			);
			runOnlyForDeploymentPostprocessing = 0;
		};
/* End PBXResourcesBuildPhase section */

/* Begin PBXSourcesBuildPhase section */
		4FF957B12AA79B1A00136463 /* Sources */ = {
			isa = PBXSourcesBuildPhase;
			buildActionMask = 2147483647;
			files = (
				4FF957BB2AA79B1A00136463 /* ContentView.swift in Sources */,
				4FF957B92AA79B1A00136463 /* Spotify_ChallengeApp.swift in Sources */,
			);
			runOnlyForDeploymentPostprocessing = 0;
		};
		4FF957C12AA79B1C00136463 /* Sources */ = {
			isa = PBXSourcesBuildPhase;
			buildActionMask = 2147483647;
			files = (
				4FF957CA2AA79B1C00136463 /* Spotify_ChallengeTests.swift in Sources */,
			);
			runOnlyForDeploymentPostprocessing = 0;
		};
		4FF957CB2AA79B1C00136463 /* Sources */ = {
			isa = PBXSourcesBuildPhase;
			buildActionMask = 2147483647;
			files = (
				4FF957D42AA79B1C00136463 /* Spotify_ChallengeUITests.swift in Sources */,
				4FF957D62AA79B1C00136463 /* Spotify_ChallengeUITestsLaunchTests.swift in Sources */,
			);
			runOnlyForDeploymentPostprocessing = 0;
		};
/* End PBXSourcesBuildPhase section */

/* Begin PBXTargetDependency section */
		4FF957C72AA79B1C00136463 /* PBXTargetDependency */ = {
			isa = PBXTargetDependency;
			target = 4FF957B42AA79B1A00136463 /* Spotify Challenge */;
			targetProxy = 4FF957C62AA79B1C00136463 /* PBXContainerItemProxy */;
		};
		4FF957D12AA79B1C00136463 /* PBXTargetDependency */ = {
			isa = PBXTargetDependency;
			target = 4FF957B42AA79B1A00136463 /* Spotify Challenge */;
			targetProxy = 4FF957D02AA79B1C00136463 /* PBXContainerItemProxy */;
		};
/* End PBXTargetDependency section */

/* Begin XCBuildConfiguration section */
		4FF957D72AA79B1C00136463 /* Debug */ = {
			isa = XCBuildConfiguration;
			buildSettings = {
				ALWAYS_SEARCH_USER_PATHS = NO;
				CLANG_ANALYZER_NONNULL = YES;
				CLANG_ANALYZER_NUMBER_OBJECT_CONVERSION = YES_AGGRESSIVE;
				CLANG_CXX_LANGUAGE_STANDARD = "gnu++20";
				CLANG_ENABLE_MODULES = YES;
				CLANG_ENABLE_OBJC_ARC = YES;
				CLANG_ENABLE_OBJC_WEAK = YES;
				CLANG_WARN_BLOCK_CAPTURE_AUTORELEASING = YES;
				CLANG_WARN_BOOL_CONVERSION = YES;
				CLANG_WARN_COMMA = YES;
				CLANG_WARN_CONSTANT_CONVERSION = YES;
				CLANG_WARN_DEPRECATED_OBJC_IMPLEMENTATIONS = YES;
				CLANG_WARN_DIRECT_OBJC_ISA_USAGE = YES_ERROR;
				CLANG_WARN_DOCUMENTATION_COMMENTS = YES;
				CLANG_WARN_EMPTY_BODY = YES;
				CLANG_WARN_ENUM_CONVERSION = YES;
				CLANG_WARN_INFINITE_RECURSION = YES;
				CLANG_WARN_INT_CONVERSION = YES;
				CLANG_WARN_NON_LITERAL_NULL_CONVERSION = YES;
				CLANG_WARN_OBJC_IMPLICIT_RETAIN_SELF = YES;
				CLANG_WARN_OBJC_LITERAL_CONVERSION = YES;
				CLANG_WARN_OBJC_ROOT_CLASS = YES_ERROR;
				CLANG_WARN_QUOTED_INCLUDE_IN_FRAMEWORK_HEADER = YES;
				CLANG_WARN_RANGE_LOOP_ANALYSIS = YES;
				CLANG_WARN_STRICT_PROTOTYPES = YES;
				CLANG_WARN_SUSPICIOUS_MOVE = YES;
				CLANG_WARN_UNGUARDED_AVAILABILITY = YES_AGGRESSIVE;
				CLANG_WARN_UNREACHABLE_CODE = YES;
				CLANG_WARN__DUPLICATE_METHOD_MATCH = YES;
				COPY_PHASE_STRIP = NO;
				DEBUG_INFORMATION_FORMAT = dwarf;
				ENABLE_STRICT_OBJC_MSGSEND = YES;
				ENABLE_TESTABILITY = YES;
				GCC_C_LANGUAGE_STANDARD = gnu11;
				GCC_DYNAMIC_NO_PIC = NO;
				GCC_NO_COMMON_BLOCKS = YES;
				GCC_OPTIMIZATION_LEVEL = 0;
				GCC_PREPROCESSOR_DEFINITIONS = (
					"DEBUG=1",
					"$(inherited)",
				);
				GCC_WARN_64_TO_32_BIT_CONVERSION = YES;
				GCC_WARN_ABOUT_RETURN_TYPE = YES_ERROR;
				GCC_WARN_UNDECLARED_SELECTOR = YES;
				GCC_WARN_UNINITIALIZED_AUTOS = YES_AGGRESSIVE;
				GCC_WARN_UNUSED_FUNCTION = YES;
				GCC_WARN_UNUSED_VARIABLE = YES;
				IPHONEOS_DEPLOYMENT_TARGET = 16.4;
				MTL_ENABLE_DEBUG_INFO = INCLUDE_SOURCE;
				MTL_FAST_MATH = YES;
				ONLY_ACTIVE_ARCH = YES;
				SDKROOT = iphoneos;
				SWIFT_ACTIVE_COMPILATION_CONDITIONS = DEBUG;
				SWIFT_OPTIMIZATION_LEVEL = "-Onone";
			};
			name = Debug;
		};
		4FF957D82AA79B1C00136463 /* Release */ = {
			isa = XCBuildConfiguration;
			buildSettings = {
				ALWAYS_SEARCH_USER_PATHS = NO;
				CLANG_ANALYZER_NONNULL = YES;
				CLANG_ANALYZER_NUMBER_OBJECT_CONVERSION = YES_AGGRESSIVE;
				CLANG_CXX_LANGUAGE_STANDARD = "gnu++20";
				CLANG_ENABLE_MODULES = YES;
				CLANG_ENABLE_OBJC_ARC = YES;
				CLANG_ENABLE_OBJC_WEAK = YES;
				CLANG_WARN_BLOCK_CAPTURE_AUTORELEASING = YES;
				CLANG_WARN_BOOL_CONVERSION = YES;
				CLANG_WARN_COMMA = YES;
				CLANG_WARN_CONSTANT_CONVERSION = YES;
				CLANG_WARN_DEPRECATED_OBJC_IMPLEMENTATIONS = YES;
				CLANG_WARN_DIRECT_OBJC_ISA_USAGE = YES_ERROR;
				CLANG_WARN_DOCUMENTATION_COMMENTS = YES;
				CLANG_WARN_EMPTY_BODY = YES;
				CLANG_WARN_ENUM_CONVERSION = YES;
				CLANG_WARN_INFINITE_RECURSION = YES;
				CLANG_WARN_INT_CONVERSION = YES;
				CLANG_WARN_NON_LITERAL_NULL_CONVERSION = YES;
				CLANG_WARN_OBJC_IMPLICIT_RETAIN_SELF = YES;
				CLANG_WARN_OBJC_LITERAL_CONVERSION = YES;
				CLANG_WARN_OBJC_ROOT_CLASS = YES_ERROR;
				CLANG_WARN_QUOTED_INCLUDE_IN_FRAMEWORK_HEADER = YES;
				CLANG_WARN_RANGE_LOOP_ANALYSIS = YES;
				CLANG_WARN_STRICT_PROTOTYPES = YES;
				CLANG_WARN_SUSPICIOUS_MOVE = YES;
				CLANG_WARN_UNGUARDED_AVAILABILITY = YES_AGGRESSIVE;
				CLANG_WARN_UNREACHABLE_CODE = YES;
				CLANG_WARN__DUPLICATE_METHOD_MATCH = YES;
				COPY_PHASE_STRIP = NO;
				DEBUG_INFORMATION_FORMAT = "dwarf-with-dsym";
				ENABLE_NS_ASSERTIONS = NO;
				ENABLE_STRICT_OBJC_MSGSEND = YES;
				GCC_C_LANGUAGE_STANDARD = gnu11;
				GCC_NO_COMMON_BLOCKS = YES;
				GCC_WARN_64_TO_32_BIT_CONVERSION = YES;
				GCC_WARN_ABOUT_RETURN_TYPE = YES_ERROR;
				GCC_WARN_UNDECLARED_SELECTOR = YES;
				GCC_WARN_UNINITIALIZED_AUTOS = YES_AGGRESSIVE;
				GCC_WARN_UNUSED_FUNCTION = YES;
				GCC_WARN_UNUSED_VARIABLE = YES;
				IPHONEOS_DEPLOYMENT_TARGET = 16.4;
				MTL_ENABLE_DEBUG_INFO = NO;
				MTL_FAST_MATH = YES;
				SDKROOT = iphoneos;
				SWIFT_COMPILATION_MODE = wholemodule;
				SWIFT_OPTIMIZATION_LEVEL = "-O";
				VALIDATE_PRODUCT = YES;
			};
			name = Release;
		};
		4FF957DA2AA79B1C00136463 /* Debug */ = {
			isa = XCBuildConfiguration;
			buildSettings = {
				ASSETCATALOG_COMPILER_APPICON_NAME = AppIcon;
				ASSETCATALOG_COMPILER_GLOBAL_ACCENT_COLOR_NAME = AccentColor;
				CODE_SIGN_STYLE = Automatic;
				CURRENT_PROJECT_VERSION = 1;
				DEVELOPMENT_ASSET_PATHS = "\"Spotify Challenge/Preview Content\"";
				DEVELOPMENT_TEAM = N9TNF98NNK;
				ENABLE_PREVIEWS = YES;
				GENERATE_INFOPLIST_FILE = YES;
				INFOPLIST_KEY_UIApplicationSceneManifest_Generation = YES;
				INFOPLIST_KEY_UIApplicationSupportsIndirectInputEvents = YES;
				INFOPLIST_KEY_UILaunchScreen_Generation = YES;
				INFOPLIST_KEY_UISupportedInterfaceOrientations_iPad = "UIInterfaceOrientationPortrait UIInterfaceOrientationPortraitUpsideDown UIInterfaceOrientationLandscapeLeft UIInterfaceOrientationLandscapeRight";
				INFOPLIST_KEY_UISupportedInterfaceOrientations_iPhone = "UIInterfaceOrientationPortrait UIInterfaceOrientationLandscapeLeft UIInterfaceOrientationLandscapeRight";
				LD_RUNPATH_SEARCH_PATHS = (
					"$(inherited)",
					"@executable_path/Frameworks",
				);
				MARKETING_VERSION = 1.0;
				PRODUCT_BUNDLE_IDENTIFIER = "com.paolaperez.Spotify-Challenge";
				PRODUCT_NAME = "$(TARGET_NAME)";
				SWIFT_EMIT_LOC_STRINGS = YES;
				SWIFT_VERSION = 5.0;
				TARGETED_DEVICE_FAMILY = "1,2";
			};
			name = Debug;
		};
		4FF957DB2AA79B1C00136463 /* Release */ = {
			isa = XCBuildConfiguration;
			buildSettings = {
				ASSETCATALOG_COMPILER_APPICON_NAME = AppIcon;
				ASSETCATALOG_COMPILER_GLOBAL_ACCENT_COLOR_NAME = AccentColor;
				CODE_SIGN_STYLE = Automatic;
				CURRENT_PROJECT_VERSION = 1;
				DEVELOPMENT_ASSET_PATHS = "\"Spotify Challenge/Preview Content\"";
				DEVELOPMENT_TEAM = N9TNF98NNK;
				ENABLE_PREVIEWS = YES;
				GENERATE_INFOPLIST_FILE = YES;
				INFOPLIST_KEY_UIApplicationSceneManifest_Generation = YES;
				INFOPLIST_KEY_UIApplicationSupportsIndirectInputEvents = YES;
				INFOPLIST_KEY_UILaunchScreen_Generation = YES;
				INFOPLIST_KEY_UISupportedInterfaceOrientations_iPad = "UIInterfaceOrientationPortrait UIInterfaceOrientationPortraitUpsideDown UIInterfaceOrientationLandscapeLeft UIInterfaceOrientationLandscapeRight";
				INFOPLIST_KEY_UISupportedInterfaceOrientations_iPhone = "UIInterfaceOrientationPortrait UIInterfaceOrientationLandscapeLeft UIInterfaceOrientationLandscapeRight";
				LD_RUNPATH_SEARCH_PATHS = (
					"$(inherited)",
					"@executable_path/Frameworks",
				);
				MARKETING_VERSION = 1.0;
				PRODUCT_BUNDLE_IDENTIFIER = "com.paolaperez.Spotify-Challenge";
				PRODUCT_NAME = "$(TARGET_NAME)";
				SWIFT_EMIT_LOC_STRINGS = YES;
				SWIFT_VERSION = 5.0;
				TARGETED_DEVICE_FAMILY = "1,2";
			};
			name = Release;
		};
		4FF957DD2AA79B1C00136463 /* Debug */ = {
			isa = XCBuildConfiguration;
			buildSettings = {
				ALWAYS_EMBED_SWIFT_STANDARD_LIBRARIES = YES;
				BUNDLE_LOADER = "$(TEST_HOST)";
				CODE_SIGN_STYLE = Automatic;
				CURRENT_PROJECT_VERSION = 1;
				DEVELOPMENT_TEAM = N9TNF98NNK;
				GENERATE_INFOPLIST_FILE = YES;
				IPHONEOS_DEPLOYMENT_TARGET = 16.4;
				MARKETING_VERSION = 1.0;
				PRODUCT_BUNDLE_IDENTIFIER = "com.paolaperez.Spotify-ChallengeTests";
				PRODUCT_NAME = "$(TARGET_NAME)";
				SWIFT_EMIT_LOC_STRINGS = NO;
				SWIFT_VERSION = 5.0;
				TARGETED_DEVICE_FAMILY = "1,2";
				TEST_HOST = "$(BUILT_PRODUCTS_DIR)/Spotify Challenge.app/$(BUNDLE_EXECUTABLE_FOLDER_PATH)/Spotify Challenge";
			};
			name = Debug;
		};
		4FF957DE2AA79B1C00136463 /* Release */ = {
			isa = XCBuildConfiguration;
			buildSettings = {
				ALWAYS_EMBED_SWIFT_STANDARD_LIBRARIES = YES;
				BUNDLE_LOADER = "$(TEST_HOST)";
				CODE_SIGN_STYLE = Automatic;
				CURRENT_PROJECT_VERSION = 1;
				DEVELOPMENT_TEAM = N9TNF98NNK;
				GENERATE_INFOPLIST_FILE = YES;
				IPHONEOS_DEPLOYMENT_TARGET = 16.4;
				MARKETING_VERSION = 1.0;
				PRODUCT_BUNDLE_IDENTIFIER = "com.paolaperez.Spotify-ChallengeTests";
				PRODUCT_NAME = "$(TARGET_NAME)";
				SWIFT_EMIT_LOC_STRINGS = NO;
				SWIFT_VERSION = 5.0;
				TARGETED_DEVICE_FAMILY = "1,2";
				TEST_HOST = "$(BUILT_PRODUCTS_DIR)/Spotify Challenge.app/$(BUNDLE_EXECUTABLE_FOLDER_PATH)/Spotify Challenge";
			};
			name = Release;
		};
		4FF957E02AA79B1C00136463 /* Debug */ = {
			isa = XCBuildConfiguration;
			buildSettings = {
				ALWAYS_EMBED_SWIFT_STANDARD_LIBRARIES = YES;
				CODE_SIGN_STYLE = Automatic;
				CURRENT_PROJECT_VERSION = 1;
				DEVELOPMENT_TEAM = N9TNF98NNK;
				GENERATE_INFOPLIST_FILE = YES;
				MARKETING_VERSION = 1.0;
				PRODUCT_BUNDLE_IDENTIFIER = "com.paolaperez.Spotify-ChallengeUITests";
				PRODUCT_NAME = "$(TARGET_NAME)";
				SWIFT_EMIT_LOC_STRINGS = NO;
				SWIFT_VERSION = 5.0;
				TARGETED_DEVICE_FAMILY = "1,2";
				TEST_TARGET_NAME = "Spotify Challenge";
			};
			name = Debug;
		};
		4FF957E12AA79B1C00136463 /* Release */ = {
			isa = XCBuildConfiguration;
			buildSettings = {
				ALWAYS_EMBED_SWIFT_STANDARD_LIBRARIES = YES;
				CODE_SIGN_STYLE = Automatic;
				CURRENT_PROJECT_VERSION = 1;
				DEVELOPMENT_TEAM = N9TNF98NNK;
				GENERATE_INFOPLIST_FILE = YES;
				MARKETING_VERSION = 1.0;
				PRODUCT_BUNDLE_IDENTIFIER = "com.paolaperez.Spotify-ChallengeUITests";
				PRODUCT_NAME = "$(TARGET_NAME)";
				SWIFT_EMIT_LOC_STRINGS = NO;
				SWIFT_VERSION = 5.0;
				TARGETED_DEVICE_FAMILY = "1,2";
				TEST_TARGET_NAME = "Spotify Challenge";
			};
			name = Release;
		};
/* End XCBuildConfiguration section */

/* Begin XCConfigurationList section */
		4FF957B02AA79B1A00136463 /* Build configuration list for PBXProject "Spotify Challenge" */ = {
			isa = XCConfigurationList;
			buildConfigurations = (
				4FF957D72AA79B1C00136463 /* Debug */,
				4FF957D82AA79B1C00136463 /* Release */,
			);
			defaultConfigurationIsVisible = 0;
			defaultConfigurationName = Release;
		};
		4FF957D92AA79B1C00136463 /* Build configuration list for PBXNativeTarget "Spotify Challenge" */ = {
			isa = XCConfigurationList;
			buildConfigurations = (
				4FF957DA2AA79B1C00136463 /* Debug */,
				4FF957DB2AA79B1C00136463 /* Release */,
			);
			defaultConfigurationIsVisible = 0;
			defaultConfigurationName = Release;
		};
		4FF957DC2AA79B1C00136463 /* Build configuration list for PBXNativeTarget "Spotify ChallengeTests" */ = {
			isa = XCConfigurationList;
			buildConfigurations = (
				4FF957DD2AA79B1C00136463 /* Debug */,
				4FF957DE2AA79B1C00136463 /* Release */,
			);
			defaultConfigurationIsVisible = 0;
			defaultConfigurationName = Release;
		};
		4FF957DF2AA79B1C00136463 /* Build configuration list for PBXNativeTarget "Spotify ChallengeUITests" */ = {
			isa = XCConfigurationList;
			buildConfigurations = (
				4FF957E02AA79B1C00136463 /* Debug */,
				4FF957E12AA79B1C00136463 /* Release */,
			);
			defaultConfigurationIsVisible = 0;
			defaultConfigurationName = Release;
		};
/* End XCConfigurationList section */
	};
	rootObject = 4FF957AD2AA79B1A00136463 /* Project object */;
}
